# THIS IS AN AUTOGENERATED FILE. DO NOT EDIT THIS FILE DIRECTLY.
# yarn lockfile v1


create-vite@^4.0.0:
  version "4.0.0"
  resolved "https://registry.yarnpkg.com/create-vite/-/create-vite-4.0.0.tgz#e6303fa92c513cc232aabaf2d318dda1a1860a77"
  integrity sha512-U3YwGDXbFBQd+kUbkxGVeoYotoGpkNxl1TG6nBotG+rWdub7w8YJgK7pSnaOorJieFqMe/XvdDxzUKHLQnVv/g==
